
Microsoft Visual Studio Solution File, Format Version 12.00
# Visual Studio Version 17
VisualStudioVersion = 17.0.31903.59
MinimumVisualStudioVersion = 10.0.40219.1
Project("{FAE04EC0-301F-11D3-BF4B-00C04F79EFBC}") = "Supportbot.Webapi", "Supportbot.Webapi\Supportbot.Webapi.csproj", "{27764922-B37E-470C-9B73-2F79EAD3AD6C}"
EndProject
Project("{FAE04EC0-301F-11D3-BF4B-00C04F79EFBC}") = "Supportbot.Application", "Supportbot.Application\Supportbot.Application.csproj", "{0811C008-7BC9-4D4A-92F5-F8D7EA9850E3}"
EndProject
Global
	GlobalSection(SolutionConfigurationPlatforms) = preSolution
		Debug|Any CPU = Debug|Any CPU
		Release|Any CPU = Release|Any CPU
	EndGlobalSection
	GlobalSection(SolutionProperties) = preSolution
		HideSolutionNode = FALSE
	EndGlobalSection
	GlobalSection(ProjectConfigurationPlatforms) = postSolution
		{27764922-B37E-470C-9B73-2F79EAD3AD6C}.Debug|Any CPU.ActiveCfg = Debug|Any CPU
		{27764922-B37E-470C-9B73-2F79EAD3AD6C}.Debug|Any CPU.Build.0 = Debug|Any CPU
		{27764922-B37E-470C-9B73-2F79EAD3AD6C}.Release|Any CPU.ActiveCfg = Release|Any CPU
		{27764922-B37E-470C-9B73-2F79EAD3AD6C}.Release|Any CPU.Build.0 = Release|Any CPU
		{0811C008-7BC9-4D4A-92F5-F8D7EA9850E3}.Debug|Any CPU.ActiveCfg = Debug|Any CPU
		{0811C008-7BC9-4D4A-92F5-F8D7EA9850E3}.Debug|Any CPU.Build.0 = Debug|Any CPU
		{0811C008-7BC9-4D4A-92F5-F8D7EA9850E3}.Release|Any CPU.ActiveCfg = Release|Any CPU
		{0811C008-7BC9-4D4A-92F5-F8D7EA9850E3}.Release|Any CPU.Build.0 = Release|Any CPU
	EndGlobalSection
EndGlobal
